
Microsoft Visual Studio Solution File, Format Version 12.00
# Visual Studio 15
Project("{FAE04EC0-301F-11D3-BF4B-00C04F79EFBC}") = "Assembly-CSharp", "Assembly-CSharp.csproj", "{960A6CA6-CF09-46BA-D7F3-EC774B9CF7E8}"
EndProject
Project("{FAE04EC0-301F-11D3-BF4B-00C04F79EFBC}") = "Assembly-CSharp-Editor", "Assembly-CSharp-Editor.csproj", "{58FD3D70-E262-A01B-4571-B40CF239E669}"
EndProject
Global
	GlobalSection(SolutionConfigurationPlatforms) = preSolution
		Debug|Any CPU = Debug|Any CPU
		Release|Any CPU = Release|Any CPU
	EndGlobalSection
	GlobalSection(ProjectConfigurationPlatforms) = postSolution
		{960A6CA6-CF09-46BA-D7F3-EC774B9CF7E8}.Debug|Any CPU.ActiveCfg = Debug|Any CPU
		{960A6CA6-CF09-46BA-D7F3-EC774B9CF7E8}.Debug|Any CPU.Build.0 = Debug|Any CPU
		{960A6CA6-CF09-46BA-D7F3-EC774B9CF7E8}.Release|Any CPU.ActiveCfg = Release|Any CPU
		{960A6CA6-CF09-46BA-D7F3-EC774B9CF7E8}.Release|Any CPU.Build.0 = Release|Any CPU
		{58FD3D70-E262-A01B-4571-B40CF239E669}.Debug|Any CPU.ActiveCfg = Debug|Any CPU
		{58FD3D70-E262-A01B-4571-B40CF239E669}.Debug|Any CPU.Build.0 = Debug|Any CPU
		{58FD3D70-E262-A01B-4571-B40CF239E669}.Release|Any CPU.ActiveCfg = Release|Any CPU
		{58FD3D70-E262-A01B-4571-B40CF239E669}.Release|Any CPU.Build.0 = Release|Any CPU
	EndGlobalSection
	GlobalSection(SolutionProperties) = preSolution
		HideSolutionNode = FALSE
	EndGlobalSection
EndGlobal
