
Microsoft Visual Studio Solution File, Format Version 12.00
# Visual Studio 15
Project("{FAE04EC0-301F-11D3-BF4B-00C04F79EFBC}") = "Assembly-CSharp", "Assembly-CSharp.csproj", "{5C205938-CA10-0E11-3139-DA19416C4993}"
EndProject
Project("{FAE04EC0-301F-11D3-BF4B-00C04F79EFBC}") = "Assembly-CSharp-Editor", "Assembly-CSharp-Editor.csproj", "{075A25F7-D284-ED6B-D19D-10C5C7BED1DC}"
EndProject
Global
	GlobalSection(SolutionConfigurationPlatforms) = preSolution
		Debug|Any CPU = Debug|Any CPU
		Release|Any CPU = Release|Any CPU
	EndGlobalSection
	GlobalSection(ProjectConfigurationPlatforms) = postSolution
		{5C205938-CA10-0E11-3139-DA19416C4993}.Debug|Any CPU.ActiveCfg = Debug|Any CPU
		{5C205938-CA10-0E11-3139-DA19416C4993}.Debug|Any CPU.Build.0 = Debug|Any CPU
		{5C205938-CA10-0E11-3139-DA19416C4993}.Release|Any CPU.ActiveCfg = Release|Any CPU
		{5C205938-CA10-0E11-3139-DA19416C4993}.Release|Any CPU.Build.0 = Release|Any CPU
		{075A25F7-D284-ED6B-D19D-10C5C7BED1DC}.Debug|Any CPU.ActiveCfg = Debug|Any CPU
		{075A25F7-D284-ED6B-D19D-10C5C7BED1DC}.Debug|Any CPU.Build.0 = Debug|Any CPU
		{075A25F7-D284-ED6B-D19D-10C5C7BED1DC}.Release|Any CPU.ActiveCfg = Release|Any CPU
		{075A25F7-D284-ED6B-D19D-10C5C7BED1DC}.Release|Any CPU.Build.0 = Release|Any CPU
	EndGlobalSection
	GlobalSection(SolutionProperties) = preSolution
		HideSolutionNode = FALSE
	EndGlobalSection
EndGlobal
